// !$*UTF8*$!
{
	archiveVersion = 1;
	classes = {
	};
	objectVersion = 56;
	objects = {

/* Begin PBXBuildFile section */
		3C251D672A07543C00AD2359 /* ProjectItemView.swift in Sources */ = {isa = PBXBuildFile; fileRef = 3C251D662A07543C00AD2359 /* ProjectItemView.swift */; };
		3C251D692A0775C200AD2359 /* TagLayoutView.swift in Sources */ = {isa = PBXBuildFile; fileRef = 3C251D682A0775C200AD2359 /* TagLayoutView.swift */; };
		3C251D6B2A0786A800AD2359 /* RandomGenerateAccountView.swift in Sources */ = {isa = PBXBuildFile; fileRef = 3C251D6A2A0786A800AD2359 /* RandomGenerateAccountView.swift */; };
		3C251D6E2A078EC300AD2359 /* MarkdownUI in Frameworks */ = {isa = PBXBuildFile; productRef = 3C251D6D2A078EC300AD2359 /* MarkdownUI */; };
		3C251D732A07D04100AD2359 /* RandomAccountViewModel.swift in Sources */ = {isa = PBXBuildFile; fileRef = 3C251D722A07D04100AD2359 /* RandomAccountViewModel.swift */; };
		3C251D752A07D06E00AD2359 /* KeyPair.swift in Sources */ = {isa = PBXBuildFile; fileRef = 3C251D742A07D06E00AD2359 /* KeyPair.swift */; };
		3C251D772A07E29F00AD2359 /* MnemonicAccountView.swift in Sources */ = {isa = PBXBuildFile; fileRef = 3C251D762A07E29F00AD2359 /* MnemonicAccountView.swift */; };
		3C251D792A07E4D300AD2359 /* DistributeETHfromOKX.swift in Sources */ = {isa = PBXBuildFile; fileRef = 3C251D782A07E4D300AD2359 /* DistributeETHfromOKX.swift */; };
		3C251D7B2A07E8C200AD2359 /* DistributeETHfromBinance.swift in Sources */ = {isa = PBXBuildFile; fileRef = 3C251D7A2A07E8C200AD2359 /* DistributeETHfromBinance.swift */; };
		3C251D7D2A07F23E00AD2359 /* GoogleService-Info.plist in Resources */ = {isa = PBXBuildFile; fileRef = 3C251D7C2A07F23E00AD2359 /* GoogleService-Info.plist */; };
		3C251D802A07F72600AD2359 /* FirebaseAnalyticsOnDeviceConversion in Frameworks */ = {isa = PBXBuildFile; productRef = 3C251D7F2A07F72600AD2359 /* FirebaseAnalyticsOnDeviceConversion */; };
		3C251D822A07F72600AD2359 /* FirebaseAnalyticsSwift in Frameworks */ = {isa = PBXBuildFile; productRef = 3C251D812A07F72600AD2359 /* FirebaseAnalyticsSwift */; };
		3C251D842A07F72600AD2359 /* FirebaseAnalyticsWithoutAdIdSupport in Frameworks */ = {isa = PBXBuildFile; productRef = 3C251D832A07F72600AD2359 /* FirebaseAnalyticsWithoutAdIdSupport */; };
		3C251D872A07F9A300AD2359 /* GoogleMobileAds in Frameworks */ = {isa = PBXBuildFile; productRef = 3C251D862A07F9A300AD2359 /* GoogleMobileAds */; };
		3C251D8A2A08014400AD2359 /* AdmobBannerView.swift in Sources */ = {isa = PBXBuildFile; fileRef = 3C251D892A08014400AD2359 /* AdmobBannerView.swift */; };
		3C47E2EF2A034F3800BF999C /* L2SybilsApp.swift in Sources */ = {isa = PBXBuildFile; fileRef = 3C47E2EE2A034F3800BF999C /* L2SybilsApp.swift */; };
		3C47E2F12A034F3800BF999C /* ContentView.swift in Sources */ = {isa = PBXBuildFile; fileRef = 3C47E2F02A034F3800BF999C /* ContentView.swift */; };
		3C47E2F32A034F3900BF999C /* Assets.xcassets in Resources */ = {isa = PBXBuildFile; fileRef = 3C47E2F22A034F3900BF999C /* Assets.xcassets */; };
		3C47E2F72A034F3900BF999C /* Preview Assets.xcassets in Resources */ = {isa = PBXBuildFile; fileRef = 3C47E2F62A034F3900BF999C /* Preview Assets.xcassets */; };
		3C47E3062A04112600BF999C /* TabbarView.swift in Sources */ = {isa = PBXBuildFile; fileRef = 3C47E3052A04112600BF999C /* TabbarView.swift */; };
		3C47E3082A04116A00BF999C /* UIState.swift in Sources */ = {isa = PBXBuildFile; fileRef = 3C47E3072A04116A00BF999C /* UIState.swift */; };
		3C47E30C2A04124500BF999C /* TabbarViewModel.swift in Sources */ = {isa = PBXBuildFile; fileRef = 3C47E30B2A04124500BF999C /* TabbarViewModel.swift */; };
		3C47E3102A04137900BF999C /* WelcomeView.swift in Sources */ = {isa = PBXBuildFile; fileRef = 3C47E30F2A04137900BF999C /* WelcomeView.swift */; };
		3C47E3122A0414D000BF999C /* AccountsView.swift in Sources */ = {isa = PBXBuildFile; fileRef = 3C47E3112A0414D000BF999C /* AccountsView.swift */; };
		3C47E3142A04179C00BF999C /* CurrentDateEnvironment.swift in Sources */ = {isa = PBXBuildFile; fileRef = 3C47E3132A04179C00BF999C /* CurrentDateEnvironment.swift */; };
		3C47E3162A0551DD00BF999C /* WelcomeSectionView.swift in Sources */ = {isa = PBXBuildFile; fileRef = 3C47E3152A0551DD00BF999C /* WelcomeSectionView.swift */; };
		3C47E3192A0600BF00BF999C /* SectionHeaderView.swift in Sources */ = {isa = PBXBuildFile; fileRef = 3C47E3182A0600BF00BF999C /* SectionHeaderView.swift */; };
		3C47E31B2A0625CF00BF999C /* Text.swift in Sources */ = {isa = PBXBuildFile; fileRef = 3C47E31A2A0625CF00BF999C /* Text.swift */; };
		3C47E31D2A06723E00BF999C /* PreviousBigAirdropsView.swift in Sources */ = {isa = PBXBuildFile; fileRef = 3C47E31C2A06723E00BF999C /* PreviousBigAirdropsView.swift */; };
		3C47E31F2A0673EC00BF999C /* FAQView.swift in Sources */ = {isa = PBXBuildFile; fileRef = 3C47E31E2A0673EC00BF999C /* FAQView.swift */; };
		3C47E3242A067DC800BF999C /* ProjectsView.swift in Sources */ = {isa = PBXBuildFile; fileRef = 3C47E3232A067DC800BF999C /* ProjectsView.swift */; };
		3C47E3262A069A1E00BF999C /* AirdropInfoView.swift in Sources */ = {isa = PBXBuildFile; fileRef = 3C47E3252A069A1E00BF999C /* AirdropInfoView.swift */; };
		3C47E3292A069AAE00BF999C /* Airdrop.swift in Sources */ = {isa = PBXBuildFile; fileRef = 3C47E3282A069AAE00BF999C /* Airdrop.swift */; };
		3C47E32B2A06A1F700BF999C /* FAQRowView.swift in Sources */ = {isa = PBXBuildFile; fileRef = 3C47E32A2A06A1F700BF999C /* FAQRowView.swift */; };
		3C47E32D2A06A39700BF999C /* FAQ.swift in Sources */ = {isa = PBXBuildFile; fileRef = 3C47E32C2A06A39700BF999C /* FAQ.swift */; };
/* End PBXBuildFile section */

/* Begin PBXFileReference section */
		3C251D662A07543C00AD2359 /* ProjectItemView.swift */ = {isa = PBXFileReference; lastKnownFileType = sourcecode.swift; path = ProjectItemView.swift; sourceTree = "<group>"; };
		3C251D682A0775C200AD2359 /* TagLayoutView.swift */ = {isa = PBXFileReference; lastKnownFileType = sourcecode.swift; path = TagLayoutView.swift; sourceTree = "<group>"; };
		3C251D6A2A0786A800AD2359 /* RandomGenerateAccountView.swift */ = {isa = PBXFileReference; lastKnownFileType = sourcecode.swift; path = RandomGenerateAccountView.swift; sourceTree = "<group>"; };
		3C251D722A07D04100AD2359 /* RandomAccountViewModel.swift */ = {isa = PBXFileReference; lastKnownFileType = sourcecode.swift; path = RandomAccountViewModel.swift; sourceTree = "<group>"; };
		3C251D742A07D06E00AD2359 /* KeyPair.swift */ = {isa = PBXFileReference; lastKnownFileType = sourcecode.swift; path = KeyPair.swift; sourceTree = "<group>"; };
		3C251D762A07E29F00AD2359 /* MnemonicAccountView.swift */ = {isa = PBXFileReference; lastKnownFileType = sourcecode.swift; path = MnemonicAccountView.swift; sourceTree = "<group>"; };
		3C251D782A07E4D300AD2359 /* DistributeETHfromOKX.swift */ = {isa = PBXFileReference; lastKnownFileType = sourcecode.swift; path = DistributeETHfromOKX.swift; sourceTree = "<group>"; };
		3C251D7A2A07E8C200AD2359 /* DistributeETHfromBinance.swift */ = {isa = PBXFileReference; lastKnownFileType = sourcecode.swift; path = DistributeETHfromBinance.swift; sourceTree = "<group>"; };
		3C251D7C2A07F23E00AD2359 /* GoogleService-Info.plist */ = {isa = PBXFileReference; fileEncoding = 4; lastKnownFileType = text.plist.xml; path = "GoogleService-Info.plist"; sourceTree = "<group>"; };
		3C251D882A07FC5C00AD2359 /* Info.plist */ = {isa = PBXFileReference; lastKnownFileType = text.plist; path = Info.plist; sourceTree = "<group>"; };
		3C251D892A08014400AD2359 /* AdmobBannerView.swift */ = {isa = PBXFileReference; lastKnownFileType = sourcecode.swift; path = AdmobBannerView.swift; sourceTree = "<group>"; };
		3C47E2EB2A034F3800BF999C /* L2Sybils.app */ = {isa = PBXFileReference; explicitFileType = wrapper.application; includeInIndex = 0; path = L2Sybils.app; sourceTree = BUILT_PRODUCTS_DIR; };
		3C47E2EE2A034F3800BF999C /* L2SybilsApp.swift */ = {isa = PBXFileReference; lastKnownFileType = sourcecode.swift; path = L2SybilsApp.swift; sourceTree = "<group>"; };
		3C47E2F02A034F3800BF999C /* ContentView.swift */ = {isa = PBXFileReference; lastKnownFileType = sourcecode.swift; path = ContentView.swift; sourceTree = "<group>"; };
		3C47E2F22A034F3900BF999C /* Assets.xcassets */ = {isa = PBXFileReference; lastKnownFileType = folder.assetcatalog; path = Assets.xcassets; sourceTree = "<group>"; };
		3C47E2F42A034F3900BF999C /* L2Sybils.entitlements */ = {isa = PBXFileReference; lastKnownFileType = text.plist.entitlements; path = L2Sybils.entitlements; sourceTree = "<group>"; };
		3C47E2F62A034F3900BF999C /* Preview Assets.xcassets */ = {isa = PBXFileReference; lastKnownFileType = folder.assetcatalog; path = "Preview Assets.xcassets"; sourceTree = "<group>"; };
		3C47E3052A04112600BF999C /* TabbarView.swift */ = {isa = PBXFileReference; lastKnownFileType = sourcecode.swift; path = TabbarView.swift; sourceTree = "<group>"; };
		3C47E3072A04116A00BF999C /* UIState.swift */ = {isa = PBXFileReference; lastKnownFileType = sourcecode.swift; path = UIState.swift; sourceTree = "<group>"; };
		3C47E30B2A04124500BF999C /* TabbarViewModel.swift */ = {isa = PBXFileReference; lastKnownFileType = sourcecode.swift; path = TabbarViewModel.swift; sourceTree = "<group>"; };
		3C47E30F2A04137900BF999C /* WelcomeView.swift */ = {isa = PBXFileReference; lastKnownFileType = sourcecode.swift; path = WelcomeView.swift; sourceTree = "<group>"; };
		3C47E3112A0414D000BF999C /* AccountsView.swift */ = {isa = PBXFileReference; lastKnownFileType = sourcecode.swift; path = AccountsView.swift; sourceTree = "<group>"; };
		3C47E3132A04179C00BF999C /* CurrentDateEnvironment.swift */ = {isa = PBXFileReference; lastKnownFileType = sourcecode.swift; path = CurrentDateEnvironment.swift; sourceTree = "<group>"; };
		3C47E3152A0551DD00BF999C /* WelcomeSectionView.swift */ = {isa = PBXFileReference; lastKnownFileType = sourcecode.swift; path = WelcomeSectionView.swift; sourceTree = "<group>"; };
		3C47E3182A0600BF00BF999C /* SectionHeaderView.swift */ = {isa = PBXFileReference; lastKnownFileType = sourcecode.swift; path = SectionHeaderView.swift; sourceTree = "<group>"; };
		3C47E31A2A0625CF00BF999C /* Text.swift */ = {isa = PBXFileReference; lastKnownFileType = sourcecode.swift; path = Text.swift; sourceTree = "<group>"; };
		3C47E31C2A06723E00BF999C /* PreviousBigAirdropsView.swift */ = {isa = PBXFileReference; lastKnownFileType = sourcecode.swift; path = PreviousBigAirdropsView.swift; sourceTree = "<group>"; };
		3C47E31E2A0673EC00BF999C /* FAQView.swift */ = {isa = PBXFileReference; lastKnownFileType = sourcecode.swift; path = FAQView.swift; sourceTree = "<group>"; };
		3C47E3232A067DC800BF999C /* ProjectsView.swift */ = {isa = PBXFileReference; lastKnownFileType = sourcecode.swift; path = ProjectsView.swift; sourceTree = "<group>"; };
		3C47E3252A069A1E00BF999C /* AirdropInfoView.swift */ = {isa = PBXFileReference; lastKnownFileType = sourcecode.swift; path = AirdropInfoView.swift; sourceTree = "<group>"; };
		3C47E3282A069AAE00BF999C /* Airdrop.swift */ = {isa = PBXFileReference; lastKnownFileType = sourcecode.swift; path = Airdrop.swift; sourceTree = "<group>"; };
		3C47E32A2A06A1F700BF999C /* FAQRowView.swift */ = {isa = PBXFileReference; lastKnownFileType = sourcecode.swift; path = FAQRowView.swift; sourceTree = "<group>"; };
		3C47E32C2A06A39700BF999C /* FAQ.swift */ = {isa = PBXFileReference; lastKnownFileType = sourcecode.swift; path = FAQ.swift; sourceTree = "<group>"; };
/* End PBXFileReference section */

/* Begin PBXFrameworksBuildPhase section */
		3C47E2E82A034F3800BF999C /* Frameworks */ = {
			isa = PBXFrameworksBuildPhase;
			buildActionMask = 2147483647;
			files = (
				3C251D822A07F72600AD2359 /* FirebaseAnalyticsSwift in Frameworks */,
				3C251D6E2A078EC300AD2359 /* MarkdownUI in Frameworks */,
				3C251D872A07F9A300AD2359 /* GoogleMobileAds in Frameworks */,
				3C251D802A07F72600AD2359 /* FirebaseAnalyticsOnDeviceConversion in Frameworks */,
				3C251D842A07F72600AD2359 /* FirebaseAnalyticsWithoutAdIdSupport in Frameworks */,
			);
			runOnlyForDeploymentPostprocessing = 0;
		};
/* End PBXFrameworksBuildPhase section */

/* Begin PBXGroup section */
		3C47E2E22A034F3800BF999C = {
			isa = PBXGroup;
			children = (
				3C47E2ED2A034F3800BF999C /* L2Sybils */,
				3C47E2EC2A034F3800BF999C /* Products */,
			);
			sourceTree = "<group>";
		};
		3C47E2EC2A034F3800BF999C /* Products */ = {
			isa = PBXGroup;
			children = (
				3C47E2EB2A034F3800BF999C /* L2Sybils.app */,
			);
			name = Products;
			sourceTree = "<group>";
		};
		3C47E2ED2A034F3800BF999C /* L2Sybils */ = {
			isa = PBXGroup;
			children = (
				3C251D882A07FC5C00AD2359 /* Info.plist */,
				3C251D7C2A07F23E00AD2359 /* GoogleService-Info.plist */,
				3C47E3272A069AA300BF999C /* models */,
				3C47E3032A040FD800BF999C /* representables */,
				3C47E3022A040FCD00BF999C /* extensions */,
				3C47E3012A040FC200BF999C /* viewModifiers */,
				3C47E3002A040FB800BF999C /* viewModels */,
				3C47E2FF2A040FAE00BF999C /* views */,
				3C47E2FE2A040FA900BF999C /* utils */,
				3C47E2FD2A040FA400BF999C /* env */,
				3C47E2EE2A034F3800BF999C /* L2SybilsApp.swift */,
				3C47E2F02A034F3800BF999C /* ContentView.swift */,
				3C47E2F22A034F3900BF999C /* Assets.xcassets */,
				3C47E2F42A034F3900BF999C /* L2Sybils.entitlements */,
				3C47E2F52A034F3900BF999C /* Preview Content */,
			);
			path = L2Sybils;
			sourceTree = "<group>";
		};
		3C47E2F52A034F3900BF999C /* Preview Content */ = {
			isa = PBXGroup;
			children = (
				3C47E2F62A034F3900BF999C /* Preview Assets.xcassets */,
			);
			path = "Preview Content";
			sourceTree = "<group>";
		};
		3C47E2FD2A040FA400BF999C /* env */ = {
			isa = PBXGroup;
			children = (
				3C47E3072A04116A00BF999C /* UIState.swift */,
				3C47E3132A04179C00BF999C /* CurrentDateEnvironment.swift */,
			);
			path = env;
			sourceTree = "<group>";
		};
		3C47E2FE2A040FA900BF999C /* utils */ = {
			isa = PBXGroup;
			children = (
			);
			path = utils;
			sourceTree = "<group>";
		};
		3C47E2FF2A040FAE00BF999C /* views */ = {
			isa = PBXGroup;
			children = (
				3C47E3222A067DB800BF999C /* projects */,
				3C47E3172A0600B200BF999C /* shared */,
				3C47E30E2A04135E00BF999C /* accounts */,
				3C47E30D2A04135800BF999C /* welcome */,
				3C47E3042A04110D00BF999C /* home */,
			);
			path = views;
			sourceTree = "<group>";
		};
		3C47E3002A040FB800BF999C /* viewModels */ = {
			isa = PBXGroup;
			children = (
				3C47E30B2A04124500BF999C /* TabbarViewModel.swift */,
				3C251D722A07D04100AD2359 /* RandomAccountViewModel.swift */,
			);
			path = viewModels;
			sourceTree = "<group>";
		};
		3C47E3012A040FC200BF999C /* viewModifiers */ = {
			isa = PBXGroup;
			children = (
			);
			path = viewModifiers;
			sourceTree = "<group>";
		};
		3C47E3022A040FCD00BF999C /* extensions */ = {
			isa = PBXGroup;
			children = (
				3C47E31A2A0625CF00BF999C /* Text.swift */,
			);
			path = extensions;
			sourceTree = "<group>";
		};
		3C47E3032A040FD800BF999C /* representables */ = {
			isa = PBXGroup;
			children = (
			);
			path = representables;
			sourceTree = "<group>";
		};
		3C47E3042A04110D00BF999C /* home */ = {
			isa = PBXGroup;
			children = (
				3C47E3052A04112600BF999C /* TabbarView.swift */,
			);
			path = home;
			sourceTree = "<group>";
		};
		3C47E30D2A04135800BF999C /* welcome */ = {
			isa = PBXGroup;
			children = (
				3C47E30F2A04137900BF999C /* WelcomeView.swift */,
				3C47E3152A0551DD00BF999C /* WelcomeSectionView.swift */,
				3C47E31C2A06723E00BF999C /* PreviousBigAirdropsView.swift */,
				3C47E31E2A0673EC00BF999C /* FAQView.swift */,
				3C47E3252A069A1E00BF999C /* AirdropInfoView.swift */,
				3C47E32A2A06A1F700BF999C /* FAQRowView.swift */,
			);
			path = welcome;
			sourceTree = "<group>";
		};
		3C47E30E2A04135E00BF999C /* accounts */ = {
			isa = PBXGroup;
			children = (
				3C47E3112A0414D000BF999C /* AccountsView.swift */,
				3C251D6A2A0786A800AD2359 /* RandomGenerateAccountView.swift */,
				3C251D762A07E29F00AD2359 /* MnemonicAccountView.swift */,
				3C251D782A07E4D300AD2359 /* DistributeETHfromOKX.swift */,
				3C251D7A2A07E8C200AD2359 /* DistributeETHfromBinance.swift */,
			);
			path = accounts;
			sourceTree = "<group>";
		};
		3C47E3172A0600B200BF999C /* shared */ = {
			isa = PBXGroup;
			children = (
				3C47E3182A0600BF00BF999C /* SectionHeaderView.swift */,
				3C251D682A0775C200AD2359 /* TagLayoutView.swift */,
				3C251D892A08014400AD2359 /* AdmobBannerView.swift */,
			);
			path = shared;
			sourceTree = "<group>";
		};
		3C47E3222A067DB800BF999C /* projects */ = {
			isa = PBXGroup;
			children = (
				3C251D662A07543C00AD2359 /* ProjectItemView.swift */,
				3C47E3232A067DC800BF999C /* ProjectsView.swift */,
			);
			path = projects;
			sourceTree = "<group>";
		};
		3C47E3272A069AA300BF999C /* models */ = {
			isa = PBXGroup;
			children = (
				3C47E3282A069AAE00BF999C /* Airdrop.swift */,
				3C47E32C2A06A39700BF999C /* FAQ.swift */,
				3C251D742A07D06E00AD2359 /* KeyPair.swift */,
			);
			path = models;
			sourceTree = "<group>";
		};
/* End PBXGroup section */

/* Begin PBXNativeTarget section */
		3C47E2EA2A034F3800BF999C /* L2Sybils */ = {
			isa = PBXNativeTarget;
			buildConfigurationList = 3C47E2FA2A034F3900BF999C /* Build configuration list for PBXNativeTarget "L2Sybils" */;
			buildPhases = (
				3C47E2E72A034F3800BF999C /* Sources */,
				3C47E2E82A034F3800BF999C /* Frameworks */,
				3C47E2E92A034F3800BF999C /* Resources */,
			);
			buildRules = (
			);
			dependencies = (
			);
			name = L2Sybils;
			packageProductDependencies = (
				3C251D6D2A078EC300AD2359 /* MarkdownUI */,
				3C251D7F2A07F72600AD2359 /* FirebaseAnalyticsOnDeviceConversion */,
				3C251D812A07F72600AD2359 /* FirebaseAnalyticsSwift */,
				3C251D832A07F72600AD2359 /* FirebaseAnalyticsWithoutAdIdSupport */,
				3C251D862A07F9A300AD2359 /* GoogleMobileAds */,
			);
			productName = L2Sybils;
			productReference = 3C47E2EB2A034F3800BF999C /* L2Sybils.app */;
			productType = "com.apple.product-type.application";
		};
/* End PBXNativeTarget section */

/* Begin PBXProject section */
		3C47E2E32A034F3800BF999C /* Project object */ = {
			isa = PBXProject;
			attributes = {
				BuildIndependentTargetsInParallel = 1;
				LastSwiftUpdateCheck = 1430;
				LastUpgradeCheck = 1430;
				TargetAttributes = {
					3C47E2EA2A034F3800BF999C = {
						CreatedOnToolsVersion = 14.3;
					};
				};
			};
			buildConfigurationList = 3C47E2E62A034F3800BF999C /* Build configuration list for PBXProject "L2Sybils" */;
			compatibilityVersion = "Xcode 14.0";
			developmentRegion = en;
			hasScannedForEncodings = 0;
			knownRegions = (
				en,
				Base,
			);
			mainGroup = 3C47E2E22A034F3800BF999C;
			packageReferences = (
				3C251D6C2A078EC300AD2359 /* XCRemoteSwiftPackageReference "swift-markdown-ui" */,
				3C251D7E2A07F72600AD2359 /* XCRemoteSwiftPackageReference "firebase-ios-sdk" */,
				3C251D852A07F9A300AD2359 /* XCRemoteSwiftPackageReference "swift-package-manager-google-mobile-ads" */,
			);
			productRefGroup = 3C47E2EC2A034F3800BF999C /* Products */;
			projectDirPath = "";
			projectRoot = "";
			targets = (
				3C47E2EA2A034F3800BF999C /* L2Sybils */,
			);
		};
/* End PBXProject section */

/* Begin PBXResourcesBuildPhase section */
		3C47E2E92A034F3800BF999C /* Resources */ = {
			isa = PBXResourcesBuildPhase;
			buildActionMask = 2147483647;
			files = (
				3C47E2F72A034F3900BF999C /* Preview Assets.xcassets in Resources */,
				3C47E2F32A034F3900BF999C /* Assets.xcassets in Resources */,
				3C251D7D2A07F23E00AD2359 /* GoogleService-Info.plist in Resources */,
			);
			runOnlyForDeploymentPostprocessing = 0;
		};
/* End PBXResourcesBuildPhase section */

/* Begin PBXSourcesBuildPhase section */
		3C47E2E72A034F3800BF999C /* Sources */ = {
			isa = PBXSourcesBuildPhase;
			buildActionMask = 2147483647;
			files = (
				3C47E3062A04112600BF999C /* TabbarView.swift in Sources */,
				3C251D6B2A0786A800AD2359 /* RandomGenerateAccountView.swift in Sources */,
				3C47E3262A069A1E00BF999C /* AirdropInfoView.swift in Sources */,
				3C251D732A07D04100AD2359 /* RandomAccountViewModel.swift in Sources */,
				3C47E3162A0551DD00BF999C /* WelcomeSectionView.swift in Sources */,
				3C251D8A2A08014400AD2359 /* AdmobBannerView.swift in Sources */,
				3C47E3102A04137900BF999C /* WelcomeView.swift in Sources */,
				3C47E2F12A034F3800BF999C /* ContentView.swift in Sources */,
				3C47E3242A067DC800BF999C /* ProjectsView.swift in Sources */,
				3C47E30C2A04124500BF999C /* TabbarViewModel.swift in Sources */,
				3C47E3122A0414D000BF999C /* AccountsView.swift in Sources */,
				3C251D772A07E29F00AD2359 /* MnemonicAccountView.swift in Sources */,
				3C47E32D2A06A39700BF999C /* FAQ.swift in Sources */,
				3C251D792A07E4D300AD2359 /* DistributeETHfromOKX.swift in Sources */,
				3C251D7B2A07E8C200AD2359 /* DistributeETHfromBinance.swift in Sources */,
				3C251D672A07543C00AD2359 /* ProjectItemView.swift in Sources */,
				3C47E3142A04179C00BF999C /* CurrentDateEnvironment.swift in Sources */,
				3C47E3292A069AAE00BF999C /* Airdrop.swift in Sources */,
				3C47E31D2A06723E00BF999C /* PreviousBigAirdropsView.swift in Sources */,
				3C47E3192A0600BF00BF999C /* SectionHeaderView.swift in Sources */,
				3C251D752A07D06E00AD2359 /* KeyPair.swift in Sources */,
				3C47E2EF2A034F3800BF999C /* L2SybilsApp.swift in Sources */,
				3C251D692A0775C200AD2359 /* TagLayoutView.swift in Sources */,
				3C47E31F2A0673EC00BF999C /* FAQView.swift in Sources */,
				3C47E31B2A0625CF00BF999C /* Text.swift in Sources */,
				3C47E32B2A06A1F700BF999C /* FAQRowView.swift in Sources */,
				3C47E3082A04116A00BF999C /* UIState.swift in Sources */,
			);
			runOnlyForDeploymentPostprocessing = 0;
		};
/* End PBXSourcesBuildPhase section */

/* Begin XCBuildConfiguration section */
		3C47E2F82A034F3900BF999C /* Debug */ = {
			isa = XCBuildConfiguration;
			buildSettings = {
				ALWAYS_SEARCH_USER_PATHS = NO;
				CLANG_ANALYZER_NONNULL = YES;
				CLANG_ANALYZER_NUMBER_OBJECT_CONVERSION = YES_AGGRESSIVE;
				CLANG_CXX_LANGUAGE_STANDARD = "gnu++20";
				CLANG_ENABLE_MODULES = YES;
				CLANG_ENABLE_OBJC_ARC = YES;
				CLANG_ENABLE_OBJC_WEAK = YES;
				CLANG_WARN_BLOCK_CAPTURE_AUTORELEASING = YES;
				CLANG_WARN_BOOL_CONVERSION = YES;
				CLANG_WARN_COMMA = YES;
				CLANG_WARN_CONSTANT_CONVERSION = YES;
				CLANG_WARN_DEPRECATED_OBJC_IMPLEMENTATIONS = YES;
				CLANG_WARN_DIRECT_OBJC_ISA_USAGE = YES_ERROR;
				CLANG_WARN_DOCUMENTATION_COMMENTS = YES;
				CLANG_WARN_EMPTY_BODY = YES;
				CLANG_WARN_ENUM_CONVERSION = YES;
				CLANG_WARN_INFINITE_RECURSION = YES;
				CLANG_WARN_INT_CONVERSION = YES;
				CLANG_WARN_NON_LITERAL_NULL_CONVERSION = YES;
				CLANG_WARN_OBJC_IMPLICIT_RETAIN_SELF = YES;
				CLANG_WARN_OBJC_LITERAL_CONVERSION = YES;
				CLANG_WARN_OBJC_ROOT_CLASS = YES_ERROR;
				CLANG_WARN_QUOTED_INCLUDE_IN_FRAMEWORK_HEADER = YES;
				CLANG_WARN_RANGE_LOOP_ANALYSIS = YES;
				CLANG_WARN_STRICT_PROTOTYPES = YES;
				CLANG_WARN_SUSPICIOUS_MOVE = YES;
				CLANG_WARN_UNGUARDED_AVAILABILITY = YES_AGGRESSIVE;
				CLANG_WARN_UNREACHABLE_CODE = YES;
				CLANG_WARN__DUPLICATE_METHOD_MATCH = YES;
				COPY_PHASE_STRIP = NO;
				DEBUG_INFORMATION_FORMAT = dwarf;
				ENABLE_STRICT_OBJC_MSGSEND = YES;
				ENABLE_TESTABILITY = YES;
				GCC_C_LANGUAGE_STANDARD = gnu11;
				GCC_DYNAMIC_NO_PIC = NO;
				GCC_NO_COMMON_BLOCKS = YES;
				GCC_OPTIMIZATION_LEVEL = 0;
				GCC_PREPROCESSOR_DEFINITIONS = (
					"DEBUG=1",
					"$(inherited)",
				);
				GCC_WARN_64_TO_32_BIT_CONVERSION = YES;
				GCC_WARN_ABOUT_RETURN_TYPE = YES_ERROR;
				GCC_WARN_UNDECLARED_SELECTOR = YES;
				GCC_WARN_UNINITIALIZED_AUTOS = YES_AGGRESSIVE;
				GCC_WARN_UNUSED_FUNCTION = YES;
				GCC_WARN_UNUSED_VARIABLE = YES;
				IPHONEOS_DEPLOYMENT_TARGET = 13.0;
				MACOSX_DEPLOYMENT_TARGET = 11.0;
				MTL_ENABLE_DEBUG_INFO = INCLUDE_SOURCE;
				MTL_FAST_MATH = YES;
				ONLY_ACTIVE_ARCH = YES;
				SWIFT_ACTIVE_COMPILATION_CONDITIONS = DEBUG;
				SWIFT_OPTIMIZATION_LEVEL = "-Onone";
			};
			name = Debug;
		};
		3C47E2F92A034F3900BF999C /* Release */ = {
			isa = XCBuildConfiguration;
			buildSettings = {
				ALWAYS_SEARCH_USER_PATHS = NO;
				CLANG_ANALYZER_NONNULL = YES;
				CLANG_ANALYZER_NUMBER_OBJECT_CONVERSION = YES_AGGRESSIVE;
				CLANG_CXX_LANGUAGE_STANDARD = "gnu++20";
				CLANG_ENABLE_MODULES = YES;
				CLANG_ENABLE_OBJC_ARC = YES;
				CLANG_ENABLE_OBJC_WEAK = YES;
				CLANG_WARN_BLOCK_CAPTURE_AUTORELEASING = YES;
				CLANG_WARN_BOOL_CONVERSION = YES;
				CLANG_WARN_COMMA = YES;
				CLANG_WARN_CONSTANT_CONVERSION = YES;
				CLANG_WARN_DEPRECATED_OBJC_IMPLEMENTATIONS = YES;
				CLANG_WARN_DIRECT_OBJC_ISA_USAGE = YES_ERROR;
				CLANG_WARN_DOCUMENTATION_COMMENTS = YES;
				CLANG_WARN_EMPTY_BODY = YES;
				CLANG_WARN_ENUM_CONVERSION = YES;
				CLANG_WARN_INFINITE_RECURSION = YES;
				CLANG_WARN_INT_CONVERSION = YES;
				CLANG_WARN_NON_LITERAL_NULL_CONVERSION = YES;
				CLANG_WARN_OBJC_IMPLICIT_RETAIN_SELF = YES;
				CLANG_WARN_OBJC_LITERAL_CONVERSION = YES;
				CLANG_WARN_OBJC_ROOT_CLASS = YES_ERROR;
				CLANG_WARN_QUOTED_INCLUDE_IN_FRAMEWORK_HEADER = YES;
				CLANG_WARN_RANGE_LOOP_ANALYSIS = YES;
				CLANG_WARN_STRICT_PROTOTYPES = YES;
				CLANG_WARN_SUSPICIOUS_MOVE = YES;
				CLANG_WARN_UNGUARDED_AVAILABILITY = YES_AGGRESSIVE;
				CLANG_WARN_UNREACHABLE_CODE = YES;
				CLANG_WARN__DUPLICATE_METHOD_MATCH = YES;
				COPY_PHASE_STRIP = NO;
				DEBUG_INFORMATION_FORMAT = "dwarf-with-dsym";
				ENABLE_NS_ASSERTIONS = NO;
				ENABLE_STRICT_OBJC_MSGSEND = YES;
				GCC_C_LANGUAGE_STANDARD = gnu11;
				GCC_NO_COMMON_BLOCKS = YES;
				GCC_WARN_64_TO_32_BIT_CONVERSION = YES;
				GCC_WARN_ABOUT_RETURN_TYPE = YES_ERROR;
				GCC_WARN_UNDECLARED_SELECTOR = YES;
				GCC_WARN_UNINITIALIZED_AUTOS = YES_AGGRESSIVE;
				GCC_WARN_UNUSED_FUNCTION = YES;
				GCC_WARN_UNUSED_VARIABLE = YES;
				IPHONEOS_DEPLOYMENT_TARGET = 13.0;
				MACOSX_DEPLOYMENT_TARGET = 11.0;
				MTL_ENABLE_DEBUG_INFO = NO;
				MTL_FAST_MATH = YES;
				SWIFT_COMPILATION_MODE = wholemodule;
				SWIFT_OPTIMIZATION_LEVEL = "-O";
			};
			name = Release;
		};
		3C47E2FB2A034F3900BF999C /* Debug */ = {
			isa = XCBuildConfiguration;
			buildSettings = {
				ASSETCATALOG_COMPILER_APPICON_NAME = AppIcon;
				ASSETCATALOG_COMPILER_GLOBAL_ACCENT_COLOR_NAME = AccentColor;
				CODE_SIGN_ENTITLEMENTS = L2Sybils/L2Sybils.entitlements;
				CODE_SIGN_STYLE = Automatic;
				CURRENT_PROJECT_VERSION = 1;
				DEVELOPMENT_ASSET_PATHS = "\"L2Sybils/Preview Content\"";
				DEVELOPMENT_TEAM = 6HC9KR3XYX;
				ENABLE_HARDENED_RUNTIME = YES;
				ENABLE_PREVIEWS = YES;
				GENERATE_INFOPLIST_FILE = YES;
				INFOPLIST_FILE = L2Sybils/Info.plist;
				"INFOPLIST_KEY_UIApplicationSceneManifest_Generation[sdk=iphoneos*]" = YES;
				"INFOPLIST_KEY_UIApplicationSceneManifest_Generation[sdk=iphonesimulator*]" = YES;
				"INFOPLIST_KEY_UIApplicationSupportsIndirectInputEvents[sdk=iphoneos*]" = YES;
				"INFOPLIST_KEY_UIApplicationSupportsIndirectInputEvents[sdk=iphonesimulator*]" = YES;
				"INFOPLIST_KEY_UILaunchScreen_Generation[sdk=iphoneos*]" = YES;
				"INFOPLIST_KEY_UILaunchScreen_Generation[sdk=iphonesimulator*]" = YES;
				"INFOPLIST_KEY_UIStatusBarStyle[sdk=iphoneos*]" = UIStatusBarStyleDefault;
				"INFOPLIST_KEY_UIStatusBarStyle[sdk=iphonesimulator*]" = UIStatusBarStyleDefault;
				INFOPLIST_KEY_UISupportedInterfaceOrientations_iPad = "UIInterfaceOrientationPortrait UIInterfaceOrientationPortraitUpsideDown UIInterfaceOrientationLandscapeLeft UIInterfaceOrientationLandscapeRight";
				INFOPLIST_KEY_UISupportedInterfaceOrientations_iPhone = "UIInterfaceOrientationPortrait UIInterfaceOrientationLandscapeLeft UIInterfaceOrientationLandscapeRight";
				IPHONEOS_DEPLOYMENT_TARGET = 16.4;
				LD_RUNPATH_SEARCH_PATHS = "@executable_path/Frameworks";
				"LD_RUNPATH_SEARCH_PATHS[sdk=macosx*]" = "@executable_path/../Frameworks";
				MACOSX_DEPLOYMENT_TARGET = 13.3;
				MARKETING_VERSION = 1.0;
				PRODUCT_BUNDLE_IDENTIFIER = asia.madan.L2Sybils;
				PRODUCT_NAME = "$(TARGET_NAME)";
				SDKROOT = auto;
				SUPPORTED_PLATFORMS = "iphoneos iphonesimulator";
				SUPPORTS_MACCATALYST = NO;
				SUPPORTS_MAC_DESIGNED_FOR_IPHONE_IPAD = NO;
				SWIFT_EMIT_LOC_STRINGS = YES;
				SWIFT_VERSION = 5.0;
				TARGETED_DEVICE_FAMILY = "1,2";
			};
			name = Debug;
		};
		3C47E2FC2A034F3900BF999C /* Release */ = {
			isa = XCBuildConfiguration;
			buildSettings = {
				ASSETCATALOG_COMPILER_APPICON_NAME = AppIcon;
				ASSETCATALOG_COMPILER_GLOBAL_ACCENT_COLOR_NAME = AccentColor;
				CODE_SIGN_ENTITLEMENTS = L2Sybils/L2Sybils.entitlements;
				CODE_SIGN_STYLE = Automatic;
				CURRENT_PROJECT_VERSION = 1;
				DEVELOPMENT_ASSET_PATHS = "\"L2Sybils/Preview Content\"";
				DEVELOPMENT_TEAM = 6HC9KR3XYX;
				ENABLE_HARDENED_RUNTIME = YES;
				ENABLE_PREVIEWS = YES;
				GENERATE_INFOPLIST_FILE = YES;
				INFOPLIST_FILE = L2Sybils/Info.plist;
				"INFOPLIST_KEY_UIApplicationSceneManifest_Generation[sdk=iphoneos*]" = YES;
				"INFOPLIST_KEY_UIApplicationSceneManifest_Generation[sdk=iphonesimulator*]" = YES;
				"INFOPLIST_KEY_UIApplicationSupportsIndirectInputEvents[sdk=iphoneos*]" = YES;
				"INFOPLIST_KEY_UIApplicationSupportsIndirectInputEvents[sdk=iphonesimulator*]" = YES;
				"INFOPLIST_KEY_UILaunchScreen_Generation[sdk=iphoneos*]" = YES;
				"INFOPLIST_KEY_UILaunchScreen_Generation[sdk=iphonesimulator*]" = YES;
				"INFOPLIST_KEY_UIStatusBarStyle[sdk=iphoneos*]" = UIStatusBarStyleDefault;
				"INFOPLIST_KEY_UIStatusBarStyle[sdk=iphonesimulator*]" = UIStatusBarStyleDefault;
				INFOPLIST_KEY_UISupportedInterfaceOrientations_iPad = "UIInterfaceOrientationPortrait UIInterfaceOrientationPortraitUpsideDown UIInterfaceOrientationLandscapeLeft UIInterfaceOrientationLandscapeRight";
				INFOPLIST_KEY_UISupportedInterfaceOrientations_iPhone = "UIInterfaceOrientationPortrait UIInterfaceOrientationLandscapeLeft UIInterfaceOrientationLandscapeRight";
				IPHONEOS_DEPLOYMENT_TARGET = 16.4;
				LD_RUNPATH_SEARCH_PATHS = "@executable_path/Frameworks";
				"LD_RUNPATH_SEARCH_PATHS[sdk=macosx*]" = "@executable_path/../Frameworks";
				MACOSX_DEPLOYMENT_TARGET = 13.3;
				MARKETING_VERSION = 1.0;
				PRODUCT_BUNDLE_IDENTIFIER = asia.madan.L2Sybils;
				PRODUCT_NAME = "$(TARGET_NAME)";
				SDKROOT = auto;
				SUPPORTED_PLATFORMS = "iphoneos iphonesimulator";
				SUPPORTS_MACCATALYST = NO;
				SUPPORTS_MAC_DESIGNED_FOR_IPHONE_IPAD = NO;
				SWIFT_EMIT_LOC_STRINGS = YES;
				SWIFT_VERSION = 5.0;
				TARGETED_DEVICE_FAMILY = "1,2";
			};
			name = Release;
		};
/* End XCBuildConfiguration section */

/* Begin XCConfigurationList section */
		3C47E2E62A034F3800BF999C /* Build configuration list for PBXProject "L2Sybils" */ = {
			isa = XCConfigurationList;
			buildConfigurations = (
				3C47E2F82A034F3900BF999C /* Debug */,
				3C47E2F92A034F3900BF999C /* Release */,
			);
			defaultConfigurationIsVisible = 0;
			defaultConfigurationName = Release;
		};
		3C47E2FA2A034F3900BF999C /* Build configuration list for PBXNativeTarget "L2Sybils" */ = {
			isa = XCConfigurationList;
			buildConfigurations = (
				3C47E2FB2A034F3900BF999C /* Debug */,
				3C47E2FC2A034F3900BF999C /* Release */,
			);
			defaultConfigurationIsVisible = 0;
			defaultConfigurationName = Release;
		};
/* End XCConfigurationList section */

/* Begin XCRemoteSwiftPackageReference section */
		3C251D6C2A078EC300AD2359 /* XCRemoteSwiftPackageReference "swift-markdown-ui" */ = {
			isa = XCRemoteSwiftPackageReference;
			repositoryURL = "https://github.com/gonzalezreal/swift-markdown-ui";
			requirement = {
				kind = upToNextMajorVersion;
				minimumVersion = 2.0.0;
			};
		};
		3C251D7E2A07F72600AD2359 /* XCRemoteSwiftPackageReference "firebase-ios-sdk" */ = {
			isa = XCRemoteSwiftPackageReference;
			repositoryURL = "https://github.com/firebase/firebase-ios-sdk";
			requirement = {
				kind = upToNextMajorVersion;
				minimumVersion = 10.0.0;
			};
		};
		3C251D852A07F9A300AD2359 /* XCRemoteSwiftPackageReference "swift-package-manager-google-mobile-ads" */ = {
			isa = XCRemoteSwiftPackageReference;
			repositoryURL = "https://github.com/googleads/swift-package-manager-google-mobile-ads.git";
			requirement = {
				kind = upToNextMajorVersion;
				minimumVersion = 10.0.0;
			};
		};
/* End XCRemoteSwiftPackageReference section */

/* Begin XCSwiftPackageProductDependency section */
		3C251D6D2A078EC300AD2359 /* MarkdownUI */ = {
			isa = XCSwiftPackageProductDependency;
			package = 3C251D6C2A078EC300AD2359 /* XCRemoteSwiftPackageReference "swift-markdown-ui" */;
			productName = MarkdownUI;
		};
		3C251D7F2A07F72600AD2359 /* FirebaseAnalyticsOnDeviceConversion */ = {
			isa = XCSwiftPackageProductDependency;
			package = 3C251D7E2A07F72600AD2359 /* XCRemoteSwiftPackageReference "firebase-ios-sdk" */;
			productName = FirebaseAnalyticsOnDeviceConversion;
		};
		3C251D812A07F72600AD2359 /* FirebaseAnalyticsSwift */ = {
			isa = XCSwiftPackageProductDependency;
			package = 3C251D7E2A07F72600AD2359 /* XCRemoteSwiftPackageReference "firebase-ios-sdk" */;
			productName = FirebaseAnalyticsSwift;
		};
		3C251D832A07F72600AD2359 /* FirebaseAnalyticsWithoutAdIdSupport */ = {
			isa = XCSwiftPackageProductDependency;
			package = 3C251D7E2A07F72600AD2359 /* XCRemoteSwiftPackageReference "firebase-ios-sdk" */;
			productName = FirebaseAnalyticsWithoutAdIdSupport;
		};
		3C251D862A07F9A300AD2359 /* GoogleMobileAds */ = {
			isa = XCSwiftPackageProductDependency;
			package = 3C251D852A07F9A300AD2359 /* XCRemoteSwiftPackageReference "swift-package-manager-google-mobile-ads" */;
			productName = GoogleMobileAds;
		};
/* End XCSwiftPackageProductDependency section */
	};
	rootObject = 3C47E2E32A034F3800BF999C /* Project object */;
}
